// !$*UTF8*$!
{
	archiveVersion = 1;
	classes = {
	};
	objectVersion = 56;
	objects = {

/* Begin PBXBuildFile section */
		54DF924029938C1A000D466C /* day2App.swift in Sources */ = {isa = PBXBuildFile; fileRef = 54DF923F29938C1A000D466C /* day2App.swift */; };
		54DF924229938C1A000D466C /* ContentView.swift in Sources */ = {isa = PBXBuildFile; fileRef = 54DF924129938C1A000D466C /* ContentView.swift */; };
		54DF924429938C1B000D466C /* Assets.xcassets in Resources */ = {isa = PBXBuildFile; fileRef = 54DF924329938C1B000D466C /* Assets.xcassets */; };
		54DF924729938C1B000D466C /* Preview Assets.xcassets in Resources */ = {isa = PBXBuildFile; fileRef = 54DF924629938C1B000D466C /* Preview Assets.xcassets */; };
		54DF925129938C1B000D466C /* day2Tests.swift in Sources */ = {isa = PBXBuildFile; fileRef = 54DF925029938C1B000D466C /* day2Tests.swift */; };
		54DF925B29938C1B000D466C /* day2UITests.swift in Sources */ = {isa = PBXBuildFile; fileRef = 54DF925A29938C1B000D466C /* day2UITests.swift */; };
		54DF925D29938C1B000D466C /* day2UITestsLaunchTests.swift in Sources */ = {isa = PBXBuildFile; fileRef = 54DF925C29938C1B000D466C /* day2UITestsLaunchTests.swift */; };
		54DF926A29938DB4000D466C /* DetailView.swift in Sources */ = {isa = PBXBuildFile; fileRef = 54DF926929938DB4000D466C /* DetailView.swift */; };
		54DF926C299393F0000D466C /* CreateNote.swift in Sources */ = {isa = PBXBuildFile; fileRef = 54DF926B299393F0000D466C /* CreateNote.swift */; };
		54DF926E2993A39A000D466C /* MyFileManager.swift in Sources */ = {isa = PBXBuildFile; fileRef = 54DF926D2993A39A000D466C /* MyFileManager.swift */; };
		54FA3C18299CD2F8008B7BD6 /* FirebaseFirestore in Frameworks */ = {isa = PBXBuildFile; productRef = 54FA3C17299CD2F8008B7BD6 /* FirebaseFirestore */; };
		54FA3C1A299CD4CE008B7BD6 /* GoogleService-Info.plist in Resources */ = {isa = PBXBuildFile; fileRef = 54FA3C19299CD4CE008B7BD6 /* GoogleService-Info.plist */; };
		54FA3C1C299CD7BC008B7BD6 /* DataManager.swift in Sources */ = {isa = PBXBuildFile; fileRef = 54FA3C1B299CD7BC008B7BD6 /* DataManager.swift */; };
/* End PBXBuildFile section */

/* Begin PBXContainerItemProxy section */
		54DF924D29938C1B000D466C /* PBXContainerItemProxy */ = {
			isa = PBXContainerItemProxy;
			containerPortal = 54DF923429938C1A000D466C /* Project object */;
			proxyType = 1;
			remoteGlobalIDString = 54DF923B29938C1A000D466C;
			remoteInfo = day2;
		};
		54DF925729938C1B000D466C /* PBXContainerItemProxy */ = {
			isa = PBXContainerItemProxy;
			containerPortal = 54DF923429938C1A000D466C /* Project object */;
			proxyType = 1;
			remoteGlobalIDString = 54DF923B29938C1A000D466C;
			remoteInfo = day2;
		};
/* End PBXContainerItemProxy section */

/* Begin PBXFileReference section */
		54DF923C29938C1A000D466C /* day2.app */ = {isa = PBXFileReference; explicitFileType = wrapper.application; includeInIndex = 0; path = day2.app; sourceTree = BUILT_PRODUCTS_DIR; };
		54DF923F29938C1A000D466C /* day2App.swift */ = {isa = PBXFileReference; lastKnownFileType = sourcecode.swift; path = day2App.swift; sourceTree = "<group>"; };
		54DF924129938C1A000D466C /* ContentView.swift */ = {isa = PBXFileReference; lastKnownFileType = sourcecode.swift; path = ContentView.swift; sourceTree = "<group>"; };
		54DF924329938C1B000D466C /* Assets.xcassets */ = {isa = PBXFileReference; lastKnownFileType = folder.assetcatalog; path = Assets.xcassets; sourceTree = "<group>"; };
		54DF924629938C1B000D466C /* Preview Assets.xcassets */ = {isa = PBXFileReference; lastKnownFileType = folder.assetcatalog; path = "Preview Assets.xcassets"; sourceTree = "<group>"; };
		54DF924C29938C1B000D466C /* day2Tests.xctest */ = {isa = PBXFileReference; explicitFileType = wrapper.cfbundle; includeInIndex = 0; path = day2Tests.xctest; sourceTree = BUILT_PRODUCTS_DIR; };
		54DF925029938C1B000D466C /* day2Tests.swift */ = {isa = PBXFileReference; lastKnownFileType = sourcecode.swift; path = day2Tests.swift; sourceTree = "<group>"; };
		54DF925629938C1B000D466C /* day2UITests.xctest */ = {isa = PBXFileReference; explicitFileType = wrapper.cfbundle; includeInIndex = 0; path = day2UITests.xctest; sourceTree = BUILT_PRODUCTS_DIR; };
		54DF925A29938C1B000D466C /* day2UITests.swift */ = {isa = PBXFileReference; lastKnownFileType = sourcecode.swift; path = day2UITests.swift; sourceTree = "<group>"; };
		54DF925C29938C1B000D466C /* day2UITestsLaunchTests.swift */ = {isa = PBXFileReference; lastKnownFileType = sourcecode.swift; path = day2UITestsLaunchTests.swift; sourceTree = "<group>"; };
		54DF926929938DB4000D466C /* DetailView.swift */ = {isa = PBXFileReference; lastKnownFileType = sourcecode.swift; path = DetailView.swift; sourceTree = "<group>"; };
		54DF926B299393F0000D466C /* CreateNote.swift */ = {isa = PBXFileReference; lastKnownFileType = sourcecode.swift; path = CreateNote.swift; sourceTree = "<group>"; };
		54DF926D2993A39A000D466C /* MyFileManager.swift */ = {isa = PBXFileReference; lastKnownFileType = sourcecode.swift; path = MyFileManager.swift; sourceTree = "<group>"; };
		54FA3C19299CD4CE008B7BD6 /* GoogleService-Info.plist */ = {isa = PBXFileReference; fileEncoding = 4; lastKnownFileType = text.plist.xml; name = "GoogleService-Info.plist"; path = "../../../Downloads/GoogleService-Info.plist"; sourceTree = "<group>"; };
		54FA3C1B299CD7BC008B7BD6 /* DataManager.swift */ = {isa = PBXFileReference; lastKnownFileType = sourcecode.swift; path = DataManager.swift; sourceTree = "<group>"; };
/* End PBXFileReference section */

/* Begin PBXFrameworksBuildPhase section */
		54DF923929938C1A000D466C /* Frameworks */ = {
			isa = PBXFrameworksBuildPhase;
			buildActionMask = 2147483647;
			files = (
				54FA3C18299CD2F8008B7BD6 /* FirebaseFirestore in Frameworks */,
			);
			runOnlyForDeploymentPostprocessing = 0;
		};
		54DF924929938C1B000D466C /* Frameworks */ = {
			isa = PBXFrameworksBuildPhase;
			buildActionMask = 2147483647;
			files = (
			);
			runOnlyForDeploymentPostprocessing = 0;
		};
		54DF925329938C1B000D466C /* Frameworks */ = {
			isa = PBXFrameworksBuildPhase;
			buildActionMask = 2147483647;
			files = (
			);
			runOnlyForDeploymentPostprocessing = 0;
		};
/* End PBXFrameworksBuildPhase section */

/* Begin PBXGroup section */
		54DF923329938C1A000D466C = {
			isa = PBXGroup;
			children = (
				54DF923E29938C1A000D466C /* day2 */,
				54DF924F29938C1B000D466C /* day2Tests */,
				54DF925929938C1B000D466C /* day2UITests */,
				54DF923D29938C1A000D466C /* Products */,
			);
			sourceTree = "<group>";
		};
		54DF923D29938C1A000D466C /* Products */ = {
			isa = PBXGroup;
			children = (
				54DF923C29938C1A000D466C /* day2.app */,
				54DF924C29938C1B000D466C /* day2Tests.xctest */,
				54DF925629938C1B000D466C /* day2UITests.xctest */,
			);
			name = Products;
			sourceTree = "<group>";
		};
		54DF923E29938C1A000D466C /* day2 */ = {
			isa = PBXGroup;
			children = (
				54DF926B299393F0000D466C /* CreateNote.swift */,
				54DF923F29938C1A000D466C /* day2App.swift */,
				54DF924129938C1A000D466C /* ContentView.swift */,
				54DF926929938DB4000D466C /* DetailView.swift */,
				54DF924329938C1B000D466C /* Assets.xcassets */,
				54FA3C19299CD4CE008B7BD6 /* GoogleService-Info.plist */,
				54DF924529938C1B000D466C /* Preview Content */,
				54DF926D2993A39A000D466C /* MyFileManager.swift */,
				54FA3C1B299CD7BC008B7BD6 /* DataManager.swift */,
			);
			path = day2;
			sourceTree = "<group>";
		};
		54DF924529938C1B000D466C /* Preview Content */ = {
			isa = PBXGroup;
			children = (
				54DF924629938C1B000D466C /* Preview Assets.xcassets */,
			);
			path = "Preview Content";
			sourceTree = "<group>";
		};
		54DF924F29938C1B000D466C /* day2Tests */ = {
			isa = PBXGroup;
			children = (
				54DF925029938C1B000D466C /* day2Tests.swift */,
			);
			path = day2Tests;
			sourceTree = "<group>";
		};
		54DF925929938C1B000D466C /* day2UITests */ = {
			isa = PBXGroup;
			children = (
				54DF925A29938C1B000D466C /* day2UITests.swift */,
				54DF925C29938C1B000D466C /* day2UITestsLaunchTests.swift */,
			);
			path = day2UITests;
			sourceTree = "<group>";
		};
/* End PBXGroup section */

/* Begin PBXNativeTarget section */
		54DF923B29938C1A000D466C /* day2 */ = {
			isa = PBXNativeTarget;
			buildConfigurationList = 54DF926029938C1B000D466C /* Build configuration list for PBXNativeTarget "day2" */;
			buildPhases = (
				54DF923829938C1A000D466C /* Sources */,
				54DF923929938C1A000D466C /* Frameworks */,
				54DF923A29938C1A000D466C /* Resources */,
			);
			buildRules = (
			);
			dependencies = (
			);
			name = day2;
			packageProductDependencies = (
				54FA3C17299CD2F8008B7BD6 /* FirebaseFirestore */,
			);
			productName = day2;
			productReference = 54DF923C29938C1A000D466C /* day2.app */;
			productType = "com.apple.product-type.application";
		};
		54DF924B29938C1B000D466C /* day2Tests */ = {
			isa = PBXNativeTarget;
			buildConfigurationList = 54DF926329938C1B000D466C /* Build configuration list for PBXNativeTarget "day2Tests" */;
			buildPhases = (
				54DF924829938C1B000D466C /* Sources */,
				54DF924929938C1B000D466C /* Frameworks */,
				54DF924A29938C1B000D466C /* Resources */,
			);
			buildRules = (
			);
			dependencies = (
				54DF924E29938C1B000D466C /* PBXTargetDependency */,
			);
			name = day2Tests;
			productName = day2Tests;
			productReference = 54DF924C29938C1B000D466C /* day2Tests.xctest */;
			productType = "com.apple.product-type.bundle.unit-test";
		};
		54DF925529938C1B000D466C /* day2UITests */ = {
			isa = PBXNativeTarget;
			buildConfigurationList = 54DF926629938C1B000D466C /* Build configuration list for PBXNativeTarget "day2UITests" */;
			buildPhases = (
				54DF925229938C1B000D466C /* Sources */,
				54DF925329938C1B000D466C /* Frameworks */,
				54DF925429938C1B000D466C /* Resources */,
			);
			buildRules = (
			);
			dependencies = (
				54DF925829938C1B000D466C /* PBXTargetDependency */,
			);
			name = day2UITests;
			productName = day2UITests;
			productReference = 54DF925629938C1B000D466C /* day2UITests.xctest */;
			productType = "com.apple.product-type.bundle.ui-testing";
		};
/* End PBXNativeTarget section */

/* Begin PBXProject section */
		54DF923429938C1A000D466C /* Project object */ = {
			isa = PBXProject;
			attributes = {
				BuildIndependentTargetsInParallel = 1;
				LastSwiftUpdateCheck = 1420;
				LastUpgradeCheck = 1420;
				TargetAttributes = {
					54DF923B29938C1A000D466C = {
						CreatedOnToolsVersion = 14.2;
					};
					54DF924B29938C1B000D466C = {
						CreatedOnToolsVersion = 14.2;
						TestTargetID = 54DF923B29938C1A000D466C;
					};
					54DF925529938C1B000D466C = {
						CreatedOnToolsVersion = 14.2;
						TestTargetID = 54DF923B29938C1A000D466C;
					};
				};
			};
			buildConfigurationList = 54DF923729938C1A000D466C /* Build configuration list for PBXProject "day2" */;
			compatibilityVersion = "Xcode 14.0";
			developmentRegion = en;
			hasScannedForEncodings = 0;
			knownRegions = (
				en,
				Base,
			);
			mainGroup = 54DF923329938C1A000D466C;
			packageReferences = (
				54FA3C16299CD2F8008B7BD6 /* XCRemoteSwiftPackageReference "firebase-ios-sdk" */,
			);
			productRefGroup = 54DF923D29938C1A000D466C /* Products */;
			projectDirPath = "";
			projectRoot = "";
			targets = (
				54DF923B29938C1A000D466C /* day2 */,
				54DF924B29938C1B000D466C /* day2Tests */,
				54DF925529938C1B000D466C /* day2UITests */,
			);
		};
/* End PBXProject section */

/* Begin PBXResourcesBuildPhase section */
		54DF923A29938C1A000D466C /* Resources */ = {
			isa = PBXResourcesBuildPhase;
			buildActionMask = 2147483647;
			files = (
				54DF924729938C1B000D466C /* Preview Assets.xcassets in Resources */,
				54DF924429938C1B000D466C /* Assets.xcassets in Resources */,
				54FA3C1A299CD4CE008B7BD6 /* GoogleService-Info.plist in Resources */,
			);
			runOnlyForDeploymentPostprocessing = 0;
		};
		54DF924A29938C1B000D466C /* Resources */ = {
			isa = PBXResourcesBuildPhase;
			buildActionMask = 2147483647;
			files = (
			);
			runOnlyForDeploymentPostprocessing = 0;
		};
		54DF925429938C1B000D466C /* Resources */ = {
			isa = PBXResourcesBuildPhase;
			buildActionMask = 2147483647;
			files = (
			);
			runOnlyForDeploymentPostprocessing = 0;
		};
/* End PBXResourcesBuildPhase section */

/* Begin PBXSourcesBuildPhase section */
		54DF923829938C1A000D466C /* Sources */ = {
			isa = PBXSourcesBuildPhase;
			buildActionMask = 2147483647;
			files = (
				54DF926E2993A39A000D466C /* MyFileManager.swift in Sources */,
				54FA3C1C299CD7BC008B7BD6 /* DataManager.swift in Sources */,
				54DF924229938C1A000D466C /* ContentView.swift in Sources */,
				54DF926C299393F0000D466C /* CreateNote.swift in Sources */,
				54DF926A29938DB4000D466C /* DetailView.swift in Sources */,
				54DF924029938C1A000D466C /* day2App.swift in Sources */,
			);
			runOnlyForDeploymentPostprocessing = 0;
		};
		54DF924829938C1B000D466C /* Sources */ = {
			isa = PBXSourcesBuildPhase;
			buildActionMask = 2147483647;
			files = (
				54DF925129938C1B000D466C /* day2Tests.swift in Sources */,
			);
			runOnlyForDeploymentPostprocessing = 0;
		};
		54DF925229938C1B000D466C /* Sources */ = {
			isa = PBXSourcesBuildPhase;
			buildActionMask = 2147483647;
			files = (
				54DF925D29938C1B000D466C /* day2UITestsLaunchTests.swift in Sources */,
				54DF925B29938C1B000D466C /* day2UITests.swift in Sources */,
			);
			runOnlyForDeploymentPostprocessing = 0;
		};
/* End PBXSourcesBuildPhase section */

/* Begin PBXTargetDependency section */
		54DF924E29938C1B000D466C /* PBXTargetDependency */ = {
			isa = PBXTargetDependency;
			target = 54DF923B29938C1A000D466C /* day2 */;
			targetProxy = 54DF924D29938C1B000D466C /* PBXContainerItemProxy */;
		};
		54DF925829938C1B000D466C /* PBXTargetDependency */ = {
			isa = PBXTargetDependency;
			target = 54DF923B29938C1A000D466C /* day2 */;
			targetProxy = 54DF925729938C1B000D466C /* PBXContainerItemProxy */;
		};
/* End PBXTargetDependency section */

/* Begin XCBuildConfiguration section */
		54DF925E29938C1B000D466C /* Debug */ = {
			isa = XCBuildConfiguration;
			buildSettings = {
				ALWAYS_SEARCH_USER_PATHS = NO;
				CLANG_ANALYZER_NONNULL = YES;
				CLANG_ANALYZER_NUMBER_OBJECT_CONVERSION = YES_AGGRESSIVE;
				CLANG_CXX_LANGUAGE_STANDARD = "gnu++20";
				CLANG_ENABLE_MODULES = YES;
				CLANG_ENABLE_OBJC_ARC = YES;
				CLANG_ENABLE_OBJC_WEAK = YES;
				CLANG_WARN_BLOCK_CAPTURE_AUTORELEASING = YES;
				CLANG_WARN_BOOL_CONVERSION = YES;
				CLANG_WARN_COMMA = YES;
				CLANG_WARN_CONSTANT_CONVERSION = YES;
				CLANG_WARN_DEPRECATED_OBJC_IMPLEMENTATIONS = YES;
				CLANG_WARN_DIRECT_OBJC_ISA_USAGE = YES_ERROR;
				CLANG_WARN_DOCUMENTATION_COMMENTS = YES;
				CLANG_WARN_EMPTY_BODY = YES;
				CLANG_WARN_ENUM_CONVERSION = YES;
				CLANG_WARN_INFINITE_RECURSION = YES;
				CLANG_WARN_INT_CONVERSION = YES;
				CLANG_WARN_NON_LITERAL_NULL_CONVERSION = YES;
				CLANG_WARN_OBJC_IMPLICIT_RETAIN_SELF = YES;
				CLANG_WARN_OBJC_LITERAL_CONVERSION = YES;
				CLANG_WARN_OBJC_ROOT_CLASS = YES_ERROR;
				CLANG_WARN_QUOTED_INCLUDE_IN_FRAMEWORK_HEADER = YES;
				CLANG_WARN_RANGE_LOOP_ANALYSIS = YES;
				CLANG_WARN_STRICT_PROTOTYPES = YES;
				CLANG_WARN_SUSPICIOUS_MOVE = YES;
				CLANG_WARN_UNGUARDED_AVAILABILITY = YES_AGGRESSIVE;
				CLANG_WARN_UNREACHABLE_CODE = YES;
				CLANG_WARN__DUPLICATE_METHOD_MATCH = YES;
				COPY_PHASE_STRIP = NO;
				DEBUG_INFORMATION_FORMAT = dwarf;
				ENABLE_STRICT_OBJC_MSGSEND = YES;
				ENABLE_TESTABILITY = YES;
				GCC_C_LANGUAGE_STANDARD = gnu11;
				GCC_DYNAMIC_NO_PIC = NO;
				GCC_NO_COMMON_BLOCKS = YES;
				GCC_OPTIMIZATION_LEVEL = 0;
				GCC_PREPROCESSOR_DEFINITIONS = (
					"DEBUG=1",
					"$(inherited)",
				);
				GCC_WARN_64_TO_32_BIT_CONVERSION = YES;
				GCC_WARN_ABOUT_RETURN_TYPE = YES_ERROR;
				GCC_WARN_UNDECLARED_SELECTOR = YES;
				GCC_WARN_UNINITIALIZED_AUTOS = YES_AGGRESSIVE;
				GCC_WARN_UNUSED_FUNCTION = YES;
				GCC_WARN_UNUSED_VARIABLE = YES;
				IPHONEOS_DEPLOYMENT_TARGET = 16.2;
				MTL_ENABLE_DEBUG_INFO = INCLUDE_SOURCE;
				MTL_FAST_MATH = YES;
				ONLY_ACTIVE_ARCH = YES;
				SDKROOT = iphoneos;
				SWIFT_ACTIVE_COMPILATION_CONDITIONS = DEBUG;
				SWIFT_OPTIMIZATION_LEVEL = "-Onone";
			};
			name = Debug;
		};
		54DF925F29938C1B000D466C /* Release */ = {
			isa = XCBuildConfiguration;
			buildSettings = {
				ALWAYS_SEARCH_USER_PATHS = NO;
				CLANG_ANALYZER_NONNULL = YES;
				CLANG_ANALYZER_NUMBER_OBJECT_CONVERSION = YES_AGGRESSIVE;
				CLANG_CXX_LANGUAGE_STANDARD = "gnu++20";
				CLANG_ENABLE_MODULES = YES;
				CLANG_ENABLE_OBJC_ARC = YES;
				CLANG_ENABLE_OBJC_WEAK = YES;
				CLANG_WARN_BLOCK_CAPTURE_AUTORELEASING = YES;
				CLANG_WARN_BOOL_CONVERSION = YES;
				CLANG_WARN_COMMA = YES;
				CLANG_WARN_CONSTANT_CONVERSION = YES;
				CLANG_WARN_DEPRECATED_OBJC_IMPLEMENTATIONS = YES;
				CLANG_WARN_DIRECT_OBJC_ISA_USAGE = YES_ERROR;
				CLANG_WARN_DOCUMENTATION_COMMENTS = YES;
				CLANG_WARN_EMPTY_BODY = YES;
				CLANG_WARN_ENUM_CONVERSION = YES;
				CLANG_WARN_INFINITE_RECURSION = YES;
				CLANG_WARN_INT_CONVERSION = YES;
				CLANG_WARN_NON_LITERAL_NULL_CONVERSION = YES;
				CLANG_WARN_OBJC_IMPLICIT_RETAIN_SELF = YES;
				CLANG_WARN_OBJC_LITERAL_CONVERSION = YES;
				CLANG_WARN_OBJC_ROOT_CLASS = YES_ERROR;
				CLANG_WARN_QUOTED_INCLUDE_IN_FRAMEWORK_HEADER = YES;
				CLANG_WARN_RANGE_LOOP_ANALYSIS = YES;
				CLANG_WARN_STRICT_PROTOTYPES = YES;
				CLANG_WARN_SUSPICIOUS_MOVE = YES;
				CLANG_WARN_UNGUARDED_AVAILABILITY = YES_AGGRESSIVE;
				CLANG_WARN_UNREACHABLE_CODE = YES;
				CLANG_WARN__DUPLICATE_METHOD_MATCH = YES;
				COPY_PHASE_STRIP = NO;
				DEBUG_INFORMATION_FORMAT = "dwarf-with-dsym";
				ENABLE_NS_ASSERTIONS = NO;
				ENABLE_STRICT_OBJC_MSGSEND = YES;
				GCC_C_LANGUAGE_STANDARD = gnu11;
				GCC_NO_COMMON_BLOCKS = YES;
				GCC_WARN_64_TO_32_BIT_CONVERSION = YES;
				GCC_WARN_ABOUT_RETURN_TYPE = YES_ERROR;
				GCC_WARN_UNDECLARED_SELECTOR = YES;
				GCC_WARN_UNINITIALIZED_AUTOS = YES_AGGRESSIVE;
				GCC_WARN_UNUSED_FUNCTION = YES;
				GCC_WARN_UNUSED_VARIABLE = YES;
				IPHONEOS_DEPLOYMENT_TARGET = 16.2;
				MTL_ENABLE_DEBUG_INFO = NO;
				MTL_FAST_MATH = YES;
				SDKROOT = iphoneos;
				SWIFT_COMPILATION_MODE = wholemodule;
				SWIFT_OPTIMIZATION_LEVEL = "-O";
				VALIDATE_PRODUCT = YES;
			};
			name = Release;
		};
		54DF926129938C1B000D466C /* Debug */ = {
			isa = XCBuildConfiguration;
			buildSettings = {
				ASSETCATALOG_COMPILER_APPICON_NAME = AppIcon;
				ASSETCATALOG_COMPILER_GLOBAL_ACCENT_COLOR_NAME = AccentColor;
				CODE_SIGN_STYLE = Automatic;
				CURRENT_PROJECT_VERSION = 1;
				DEVELOPMENT_ASSET_PATHS = "\"day2/Preview Content\"";
				DEVELOPMENT_TEAM = 9432A74T44;
				ENABLE_PREVIEWS = YES;
				GENERATE_INFOPLIST_FILE = YES;
				INFOPLIST_KEY_UIApplicationSceneManifest_Generation = YES;
				INFOPLIST_KEY_UIApplicationSupportsIndirectInputEvents = YES;
				INFOPLIST_KEY_UILaunchScreen_Generation = YES;
				INFOPLIST_KEY_UISupportedInterfaceOrientations_iPad = "UIInterfaceOrientationPortrait UIInterfaceOrientationPortraitUpsideDown UIInterfaceOrientationLandscapeLeft UIInterfaceOrientationLandscapeRight";
				INFOPLIST_KEY_UISupportedInterfaceOrientations_iPhone = "UIInterfaceOrientationPortrait UIInterfaceOrientationLandscapeLeft UIInterfaceOrientationLandscapeRight";
				LD_RUNPATH_SEARCH_PATHS = (
					"$(inherited)",
					"@executable_path/Frameworks",
				);
				MARKETING_VERSION = 1.0;
				PRODUCT_BUNDLE_IDENTIFIER = KEA.day2;
				PRODUCT_NAME = "$(TARGET_NAME)";
				SWIFT_EMIT_LOC_STRINGS = YES;
				SWIFT_VERSION = 5.0;
				TARGETED_DEVICE_FAMILY = "1,2";
			};
			name = Debug;
		};
		54DF926229938C1B000D466C /* Release */ = {
			isa = XCBuildConfiguration;
			buildSettings = {
				ASSETCATALOG_COMPILER_APPICON_NAME = AppIcon;
				ASSETCATALOG_COMPILER_GLOBAL_ACCENT_COLOR_NAME = AccentColor;
				CODE_SIGN_STYLE = Automatic;
				CURRENT_PROJECT_VERSION = 1;
				DEVELOPMENT_ASSET_PATHS = "\"day2/Preview Content\"";
				DEVELOPMENT_TEAM = 9432A74T44;
				ENABLE_PREVIEWS = YES;
				GENERATE_INFOPLIST_FILE = YES;
				INFOPLIST_KEY_UIApplicationSceneManifest_Generation = YES;
				INFOPLIST_KEY_UIApplicationSupportsIndirectInputEvents = YES;
				INFOPLIST_KEY_UILaunchScreen_Generation = YES;
				INFOPLIST_KEY_UISupportedInterfaceOrientations_iPad = "UIInterfaceOrientationPortrait UIInterfaceOrientationPortraitUpsideDown UIInterfaceOrientationLandscapeLeft UIInterfaceOrientationLandscapeRight";
				INFOPLIST_KEY_UISupportedInterfaceOrientations_iPhone = "UIInterfaceOrientationPortrait UIInterfaceOrientationLandscapeLeft UIInterfaceOrientationLandscapeRight";
				LD_RUNPATH_SEARCH_PATHS = (
					"$(inherited)",
					"@executable_path/Frameworks",
				);
				MARKETING_VERSION = 1.0;
				PRODUCT_BUNDLE_IDENTIFIER = KEA.day2;
				PRODUCT_NAME = "$(TARGET_NAME)";
				SWIFT_EMIT_LOC_STRINGS = YES;
				SWIFT_VERSION = 5.0;
				TARGETED_DEVICE_FAMILY = "1,2";
			};
			name = Release;
		};
		54DF926429938C1B000D466C /* Debug */ = {
			isa = XCBuildConfiguration;
			buildSettings = {
				ALWAYS_EMBED_SWIFT_STANDARD_LIBRARIES = YES;
				BUNDLE_LOADER = "$(TEST_HOST)";
				CODE_SIGN_STYLE = Automatic;
				CURRENT_PROJECT_VERSION = 1;
				DEVELOPMENT_TEAM = 9432A74T44;
				GENERATE_INFOPLIST_FILE = YES;
				IPHONEOS_DEPLOYMENT_TARGET = 16.2;
				MARKETING_VERSION = 1.0;
				PRODUCT_BUNDLE_IDENTIFIER = KEA.day2Tests;
				PRODUCT_NAME = "$(TARGET_NAME)";
				SWIFT_EMIT_LOC_STRINGS = NO;
				SWIFT_VERSION = 5.0;
				TARGETED_DEVICE_FAMILY = "1,2";
				TEST_HOST = "$(BUILT_PRODUCTS_DIR)/day2.app/$(BUNDLE_EXECUTABLE_FOLDER_PATH)/day2";
			};
			name = Debug;
		};
		54DF926529938C1B000D466C /* Release */ = {
			isa = XCBuildConfiguration;
			buildSettings = {
				ALWAYS_EMBED_SWIFT_STANDARD_LIBRARIES = YES;
				BUNDLE_LOADER = "$(TEST_HOST)";
				CODE_SIGN_STYLE = Automatic;
				CURRENT_PROJECT_VERSION = 1;
				DEVELOPMENT_TEAM = 9432A74T44;
				GENERATE_INFOPLIST_FILE = YES;
				IPHONEOS_DEPLOYMENT_TARGET = 16.2;
				MARKETING_VERSION = 1.0;
				PRODUCT_BUNDLE_IDENTIFIER = KEA.day2Tests;
				PRODUCT_NAME = "$(TARGET_NAME)";
				SWIFT_EMIT_LOC_STRINGS = NO;
				SWIFT_VERSION = 5.0;
				TARGETED_DEVICE_FAMILY = "1,2";
				TEST_HOST = "$(BUILT_PRODUCTS_DIR)/day2.app/$(BUNDLE_EXECUTABLE_FOLDER_PATH)/day2";
			};
			name = Release;
		};
		54DF926729938C1B000D466C /* Debug */ = {
			isa = XCBuildConfiguration;
			buildSettings = {
				ALWAYS_EMBED_SWIFT_STANDARD_LIBRARIES = YES;
				CODE_SIGN_STYLE = Automatic;
				CURRENT_PROJECT_VERSION = 1;
				DEVELOPMENT_TEAM = 9432A74T44;
				GENERATE_INFOPLIST_FILE = YES;
				MARKETING_VERSION = 1.0;
				PRODUCT_BUNDLE_IDENTIFIER = KEA.day2UITests;
				PRODUCT_NAME = "$(TARGET_NAME)";
				SWIFT_EMIT_LOC_STRINGS = NO;
				SWIFT_VERSION = 5.0;
				TARGETED_DEVICE_FAMILY = "1,2";
				TEST_TARGET_NAME = day2;
			};
			name = Debug;
		};
		54DF926829938C1B000D466C /* Release */ = {
			isa = XCBuildConfiguration;
			buildSettings = {
				ALWAYS_EMBED_SWIFT_STANDARD_LIBRARIES = YES;
				CODE_SIGN_STYLE = Automatic;
				CURRENT_PROJECT_VERSION = 1;
				DEVELOPMENT_TEAM = 9432A74T44;
				GENERATE_INFOPLIST_FILE = YES;
				MARKETING_VERSION = 1.0;
				PRODUCT_BUNDLE_IDENTIFIER = KEA.day2UITests;
				PRODUCT_NAME = "$(TARGET_NAME)";
				SWIFT_EMIT_LOC_STRINGS = NO;
				SWIFT_VERSION = 5.0;
				TARGETED_DEVICE_FAMILY = "1,2";
				TEST_TARGET_NAME = day2;
			};
			name = Release;
		};
/* End XCBuildConfiguration section */

/* Begin XCConfigurationList section */
		54DF923729938C1A000D466C /* Build configuration list for PBXProject "day2" */ = {
			isa = XCConfigurationList;
			buildConfigurations = (
				54DF925E29938C1B000D466C /* Debug */,
				54DF925F29938C1B000D466C /* Release */,
			);
			defaultConfigurationIsVisible = 0;
			defaultConfigurationName = Release;
		};
		54DF926029938C1B000D466C /* Build configuration list for PBXNativeTarget "day2" */ = {
			isa = XCConfigurationList;
			buildConfigurations = (
				54DF926129938C1B000D466C /* Debug */,
				54DF926229938C1B000D466C /* Release */,
			);
			defaultConfigurationIsVisible = 0;
			defaultConfigurationName = Release;
		};
		54DF926329938C1B000D466C /* Build configuration list for PBXNativeTarget "day2Tests" */ = {
			isa = XCConfigurationList;
			buildConfigurations = (
				54DF926429938C1B000D466C /* Debug */,
				54DF926529938C1B000D466C /* Release */,
			);
			defaultConfigurationIsVisible = 0;
			defaultConfigurationName = Release;
		};
		54DF926629938C1B000D466C /* Build configuration list for PBXNativeTarget "day2UITests" */ = {
			isa = XCConfigurationList;
			buildConfigurations = (
				54DF926729938C1B000D466C /* Debug */,
				54DF926829938C1B000D466C /* Release */,
			);
			defaultConfigurationIsVisible = 0;
			defaultConfigurationName = Release;
		};
/* End XCConfigurationList section */

/* Begin XCRemoteSwiftPackageReference section */
		54FA3C16299CD2F8008B7BD6 /* XCRemoteSwiftPackageReference "firebase-ios-sdk" */ = {
			isa = XCRemoteSwiftPackageReference;
			repositoryURL = "https://github.com/firebase/firebase-ios-sdk.git";
			requirement = {
				kind = upToNextMajorVersion;
				minimumVersion = 9.0.0;
			};
		};
/* End XCRemoteSwiftPackageReference section */

/* Begin XCSwiftPackageProductDependency section */
		54FA3C17299CD2F8008B7BD6 /* FirebaseFirestore */ = {
			isa = XCSwiftPackageProductDependency;
			package = 54FA3C16299CD2F8008B7BD6 /* XCRemoteSwiftPackageReference "firebase-ios-sdk" */;
			productName = FirebaseFirestore;
		};
/* End XCSwiftPackageProductDependency section */
	};
	rootObject = 54DF923429938C1A000D466C /* Project object */;
}
